<?xml version="1.0" encoding="UTF-8" standalone="yes" ?>
<CodeBlocks_project_file>
	<FileVersion major="1" minor="6" />
	<Project>
		<Option title="forms4edu" />
		<Option pch_mode="2" />
		<Option compiler="gcc" />
		<Build>
			<Target title="Release">
				<Option output="bin/Release/forms4edu" prefix_auto="1" extension_auto="1" />
				<Option working_dir="" />
				<Option object_output="obj/Release/" />
				<Option type="2" />
				<Option compiler="gcc" />
				<Option createDefFile="1" />
				<Compiler>
					<Add option="-O2" />
					<Add directory="../include" />
				</Compiler>
			</Target>
		</Build>
		<Compiler>
			<Add option="-std=c++98" />
			<Add option="-mms-bitfields" />
			<Add option="-DWIN32" />
			<Add directory="C:/Users/MarcosJosé/SkyDrive/Documents/Devel/fltk/fltk-1.3.2/include" />
		</Compiler>
		<Linker>
			<Add library="fltk" />
			<Add library="ole32" />
			<Add library="uuid" />
			<Add library="comctl32" />
			<Add library="wsock32" />
			<Add library="m" />
			<Add library="gdi32" />
			<Add library="user32" />
			<Add library="kernel32" />
			<Add directory="C:/Users/MarcosJosé/SkyDrive/Documents/Devel/fltk/fltk-1.3.2/lib" />
		</Linker>
		<Unit filename="../include/forms4edu.h" />
		<Unit filename="../include/ioform.h" />
		<Unit filename="../src/ioform.cpp" />
		<Extensions>
			<code_completion />
			<envvars />
			<debugger />
			<lib_finder disable_auto="1" />
		</Extensions>
	</Project>
</CodeBlocks_project_file>
